PODS:
  - AFNetworking/NSURLSession (3.2.1):
    - AFNetworking/Reachability
    - AFNetworking/Security
    - AFNetworking/Serialization
  - AFNetworking/Reachability (3.2.1)
  - AFNetworking/Security (3.2.1)
  - AFNetworking/Serialization (3.2.1)
  - AppAuth (0.92.0)

DEPENDENCIES:
  - AFNetworking/NSURLSession (~> 3.0)
  - AppAuth (= 0.92)

SPEC REPOS:
  https://github.com/CocoaPods/Specs.git:
    - AppAuth
  trunk:
    - AFNetworking

SPEC CHECKSUMS:
  AFNetworking: b6f891fdfaed196b46c7a83cf209e09697b94057
  AppAuth: 3f4f1d6d85ad631d0bbf15ffcdc10c447face97a

PODFILE CHECKSUM: cc09e4cb18c80161bde7d9f487ffa0104f60f545

COCOAPODS: 1.9.1
